
Microsoft Visual Studio Solution File, Format Version 12.00
# Visual Studio Version 17
VisualStudioVersion = 17.0.32112.339
MinimumVisualStudioVersion = 10.0.40219.1
Project("{FAE04EC0-301F-11D3-BF4B-00C04F79EFBC}") = "Api", "Api\Api.csproj", "{AC9623BF-FC00-4141-ACA6-172EDC284BEB}"
EndProject
Global
	GlobalSection(SolutionConfigurationPlatforms) = preSolution
		Debug|Any CPU = Debug|Any CPU
		Release|Any CPU = Release|Any CPU
	EndGlobalSection
	GlobalSection(ProjectConfigurationPlatforms) = postSolution
		{AC9623BF-FC00-4141-ACA6-172EDC284BEB}.Debug|Any CPU.ActiveCfg = Debug|Any CPU
		{AC9623BF-FC00-4141-ACA6-172EDC284BEB}.Debug|Any CPU.Build.0 = Debug|Any CPU
		{AC9623BF-FC00-4141-ACA6-172EDC284BEB}.Release|Any CPU.ActiveCfg = Release|Any CPU
		{AC9623BF-FC00-4141-ACA6-172EDC284BEB}.Release|Any CPU.Build.0 = Release|Any CPU
	EndGlobalSection
	GlobalSection(SolutionProperties) = preSolution
		HideSolutionNode = FALSE
	EndGlobalSection
	GlobalSection(ExtensibilityGlobals) = postSolution
		SolutionGuid = {A7A78454-88EF-4D11-88D9-39897F43AEB0}
	EndGlobalSection
EndGlobal
